
Microsoft Visual Studio Solution File, Format Version 12.00
# Visual Studio 15
VisualStudioVersion = 15.0.27428.2015
MinimumVisualStudioVersion = 10.0.40219.1
Project("{FAE04EC0-301F-11D3-BF4B-00C04F79EFBC}") = "WindowsFormsApp2", "WindowsFormsApp2\WindowsFormsApp2.csproj", "{D89F787B-9A51-4FF9-A1B6-3B188E245BB7}"
EndProject
Global
	GlobalSection(SolutionConfigurationPlatforms) = preSolution
		Debug|Any CPU = Debug|Any CPU
		Release|Any CPU = Release|Any CPU
	EndGlobalSection
	GlobalSection(ProjectConfigurationPlatforms) = postSolution
		{D89F787B-9A51-4FF9-A1B6-3B188E245BB7}.Debug|Any CPU.ActiveCfg = Debug|Any CPU
		{D89F787B-9A51-4FF9-A1B6-3B188E245BB7}.Debug|Any CPU.Build.0 = Debug|Any CPU
		{D89F787B-9A51-4FF9-A1B6-3B188E245BB7}.Release|Any CPU.ActiveCfg = Release|Any CPU
		{D89F787B-9A51-4FF9-A1B6-3B188E245BB7}.Release|Any CPU.Build.0 = Release|Any CPU
	EndGlobalSection
	GlobalSection(SolutionProperties) = preSolution
		HideSolutionNode = FALSE
	EndGlobalSection
	GlobalSection(ExtensibilityGlobals) = postSolution
		SolutionGuid = {C746E22D-950E-4E4F-B78D-9E4800CD85E0}
	EndGlobalSection
EndGlobal
